<?xml version="1.0" encoding="utf-8"?>
<Project ToolsVersion="4.0" xmlns="http://schemas.microsoft.com/developer/msbuild/2003">
  <ItemGroup>
    <Filter Include="Generated Files">
      <UniqueIdentifier>{71ED8ED8-ACB9-4CE9-BBE1-E00B30144E11}</UniqueIdentifier>
      <Extensions>cpp;c;cxx;moc;h;def;odl;idl;res;</Extensions>
    </Filter>
    <Filter Include="Generated Files">
      <UniqueIdentifier>{71ED8ED8-ACB9-4CE9-BBE1-E00B30144E11}</UniqueIdentifier>
      <Extensions>cpp;c;cxx;moc;h;def;odl;idl;res;</Extensions>
    </Filter>
    <Filter Include="Header Files">
      <UniqueIdentifier>{93995380-89BD-4b04-88EB-625FBE52EBFB}</UniqueIdentifier>
      <Extensions>h;hpp;hxx;hm;inl;inc;xsd</Extensions>
    </Filter>
    <Filter Include="Header Files">
      <UniqueIdentifier>{93995380-89BD-4b04-88EB-625FBE52EBFB}</UniqueIdentifier>
      <Extensions>h;hpp;hxx;hm;inl;inc;xsd</Extensions>
    </Filter>
    <Filter Include="Resource Files">
      <UniqueIdentifier>{D9D6E242-F8AF-46E4-B9FD-80ECBC20BA3E}</UniqueIdentifier>
      <Extensions>qrc;*</Extensions>
      <ParseFiles>false</ParseFiles>
    </Filter>
    <Filter Include="Resource Files">
      <UniqueIdentifier>{D9D6E242-F8AF-46E4-B9FD-80ECBC20BA3E}</UniqueIdentifier>
      <Extensions>qrc;*</Extensions>
      <ParseFiles>false</ParseFiles>
    </Filter>
    <Filter Include="Source Files">
      <UniqueIdentifier>{4FC737F1-C7A5-4376-A066-2A32D752A2FF}</UniqueIdentifier>
      <Extensions>cpp;c;cxx;def;odl;idl;hpj;bat;asm;asmx</Extensions>
    </Filter>
    <Filter Include="Source Files">
      <UniqueIdentifier>{4FC737F1-C7A5-4376-A066-2A32D752A2FF}</UniqueIdentifier>
      <Extensions>cpp;c;cxx;def;odl;idl;hpj;bat;asm;asmx</Extensions>
    </Filter>
    <Filter Include="Generated Files\Debug">
      <UniqueIdentifier>{2c8b397d-c69a-46fc-a645-d2f8fadd9894}</UniqueIdentifier>
      <Extensions>cpp;moc</Extensions>
      <SourceControlFiles>False</SourceControlFiles>
    </Filter>
    <Filter Include="Generated Files\Release">
      <UniqueIdentifier>{83f0c052-e9cd-458d-b6ce-ef711fc3cb8d}</UniqueIdentifier>
      <Extensions>cpp;moc</Extensions>
      <SourceControlFiles>False</SourceControlFiles>
    </Filter>
  </ItemGroup>
  <ItemGroup>
    <ClCompile Include="cappconfig.cpp">
      <Filter>Source Files</Filter>
    </ClCompile>
    <ClCompile Include="ccommandmanager.cpp">
      <Filter>Source Files</Filter>
    </ClCompile>
    <ClCompile Include="cfilebrowser.cpp">
      <Filter>Source Files</Filter>
    </ClCompile>
    <ClCompile Include="cprojectitem.cpp">
      <Filter>Source Files</Filter>
    </ClCompile>
    <ClCompile Include="cprojectmanagement.cpp">
      <Filter>Source Files</Filter>
    </ClCompile>
    <ClCompile Include="cqmlfilebrowsercomponent.cpp">
      <Filter>Source Files</Filter>
    </ClCompile>
    <ClCompile Include="crepositorymanager.cpp">
      <Filter>Source Files</Filter>
    </ClCompile>
    <ClCompile Include="main.cpp">
      <Filter>Source Files</Filter>
    </ClCompile>
    <ClCompile Include="thumbnailiconprovider.cpp">
      <Filter>Source Files</Filter>
    </ClCompile>
    <ClCompile Include="Debug\moc_cappconfig.cpp">
      <Filter>Generated Files\Debug</Filter>
    </ClCompile>
    <ClCompile Include="Release\moc_cappconfig.cpp">
      <Filter>Generated Files\Release</Filter>
    </ClCompile>
    <ClCompile Include="Debug\moc_ccommandmanager.cpp">
      <Filter>Generated Files\Debug</Filter>
    </ClCompile>
    <ClCompile Include="Release\moc_ccommandmanager.cpp">
      <Filter>Generated Files\Release</Filter>
    </ClCompile>
    <ClCompile Include="Debug\moc_cfilebrowser.cpp">
      <Filter>Generated Files\Debug</Filter>
    </ClCompile>
    <ClCompile Include="Release\moc_cfilebrowser.cpp">
      <Filter>Generated Files\Release</Filter>
    </ClCompile>
    <ClCompile Include="Debug\moc_cprojectitem.cpp">
      <Filter>Generated Files\Debug</Filter>
    </ClCompile>
    <ClCompile Include="Release\moc_cprojectitem.cpp">
      <Filter>Generated Files\Release</Filter>
    </ClCompile>
    <ClCompile Include="Debug\moc_cprojectmanagement.cpp">
      <Filter>Generated Files\Debug</Filter>
    </ClCompile>
    <ClCompile Include="Release\moc_cprojectmanagement.cpp">
      <Filter>Generated Files\Release</Filter>
    </ClCompile>
    <ClCompile Include="Debug\moc_cqmlfilebrowsercomponent.cpp">
      <Filter>Generated Files\Debug</Filter>
    </ClCompile>
    <ClCompile Include="Release\moc_cqmlfilebrowsercomponent.cpp">
      <Filter>Generated Files\Release</Filter>
    </ClCompile>
    <ClCompile Include="Debug\moc_crepositorymanager.cpp">
      <Filter>Generated Files\Debug</Filter>
    </ClCompile>
    <ClCompile Include="Release\moc_crepositorymanager.cpp">
      <Filter>Generated Files\Release</Filter>
    </ClCompile>
    <ClCompile Include="GeneratedFiles\qrc_AppResource.cpp">
      <Filter>Generated Files</Filter>
    </ClCompile>
    <ClCompile Include="cchart.cpp">
      <Filter>Source Files</Filter>
    </ClCompile>
    <ClCompile Include="Debug\moc_cchart.cpp">
      <Filter>Generated Files\Debug</Filter>
    </ClCompile>
    <ClCompile Include="Release\moc_cchart.cpp">
      <Filter>Generated Files\Release</Filter>
    </ClCompile>
    <ClCompile Include="ReminderModel.cpp">
      <Filter>Generated Files</Filter>
    </ClCompile>
    <ClCompile Include="Debug\moc_ReminderModel.cpp">
      <Filter>Generated Files\Debug</Filter>
    </ClCompile>
    <ClCompile Include="Release\moc_ReminderModel.cpp">
      <Filter>Generated Files\Release</Filter>
    </ClCompile>
  </ItemGroup>
  <ItemGroup>
    <CustomBuild Include="cappconfig.h">
      <Filter>Header Files</Filter>
    </CustomBuild>
    <CustomBuild Include="ccommandmanager.h">
      <Filter>Header Files</Filter>
    </CustomBuild>
    <CustomBuild Include="cfilebrowser.h">
      <Filter>Header Files</Filter>
    </CustomBuild>
    <CustomBuild Include="cprojectitem.h">
      <Filter>Header Files</Filter>
    </CustomBuild>
    <CustomBuild Include="cprojectmanagement.h">
      <Filter>Header Files</Filter>
    </CustomBuild>
    <CustomBuild Include="cqmlfilebrowsercomponent.h">
      <Filter>Header Files</Filter>
    </CustomBuild>
    <CustomBuild Include="crepositorymanager.h">
      <Filter>Header Files</Filter>
    </CustomBuild>
    <ClInclude Include="thumbnailiconprovider.h">
      <Filter>Header Files</Filter>
    </ClInclude>
    <CustomBuild Include="cchart.h">
      <Filter>Header Files</Filter>
    </CustomBuild>
    <CustomBuild Include="ReminderModel.h">
      <Filter>Generated Files</Filter>
    </CustomBuild>
  </ItemGroup>
  <ItemGroup>
    <CustomBuild Include="AppResource.qrc">
      <Filter>Resource Files</Filter>
    </CustomBuild>
    <None Include="qml\add_pic.png">
      <Filter>Resource Files</Filter>
    </None>
  </ItemGroup>
</Project>